
Microsoft Visual Studio Solution File, Format Version 12.00
# Visual Studio Version 16
VisualStudioVersion = 16.0.31624.102
MinimumVisualStudioVersion = 10.0.40219.1
Project("{FAE04EC0-301F-11D3-BF4B-00C04F79EFBC}") = "MedAdvice", "MedAdvice\MedAdvice.csproj", "{03D12105-9491-44B9-8CCF-D1CC22AC2911}"
EndProject
Global
	GlobalSection(SolutionConfigurationPlatforms) = preSolution
		Debug|Any CPU = Debug|Any CPU
		Release|Any CPU = Release|Any CPU
	EndGlobalSection
	GlobalSection(ProjectConfigurationPlatforms) = postSolution
		{03D12105-9491-44B9-8CCF-D1CC22AC2911}.Debug|Any CPU.ActiveCfg = Debug|Any CPU
		{03D12105-9491-44B9-8CCF-D1CC22AC2911}.Debug|Any CPU.Build.0 = Debug|Any CPU
		{03D12105-9491-44B9-8CCF-D1CC22AC2911}.Release|Any CPU.ActiveCfg = Release|Any CPU
		{03D12105-9491-44B9-8CCF-D1CC22AC2911}.Release|Any CPU.Build.0 = Release|Any CPU
	EndGlobalSection
	GlobalSection(SolutionProperties) = preSolution
		HideSolutionNode = FALSE
	EndGlobalSection
	GlobalSection(ExtensibilityGlobals) = postSolution
		SolutionGuid = {8FC719B3-88D0-4AEC-90D9-4EE20B365662}
	EndGlobalSection
EndGlobal
